
Microsoft Visual Studio Solution File, Format Version 12.00
# Visual Studio Version 16
VisualStudioVersion = 16.0.30413.136
MinimumVisualStudioVersion = 10.0.40219.1
Project("{FAE04EC0-301F-11D3-BF4B-00C04F79EFBC}") = "BuenViaje", "BuenViaje.csproj", "{DF58F616-667D-4BF5-9F75-766E15E65FE9}"
EndProject
Project("{FAE04EC0-301F-11D3-BF4B-00C04F79EFBC}") = "DAL", "..\DAL\DAL.csproj", "{CA31ED46-C652-4CF7-9B19-B200D069DCBC}"
EndProject
Project("{FAE04EC0-301F-11D3-BF4B-00C04F79EFBC}") = "SERV", "..\SERV\SERV.csproj", "{8372AAB5-8189-425A-9788-C7D986D01916}"
EndProject
Project("{FAE04EC0-301F-11D3-BF4B-00C04F79EFBC}") = "BL", "..\BL\BL.csproj", "{E128A67A-0D21-43BF-862A-B47DA37949A2}"
EndProject
Project("{FAE04EC0-301F-11D3-BF4B-00C04F79EFBC}") = "BE", "..\BE\BE.csproj", "{D073928F-9179-423F-8538-94C8FDB17B9A}"
EndProject
Project("{54435603-DBB4-11D2-8724-00A0C9A8B90C}") = "BuenViajeSetup", "..\BuenViajeSetup\BuenViajeSetup.vdproj", "{B9A34A1D-1ABD-4F67-B0BA-3BD814A7C3DD}"
EndProject
Global
	GlobalSection(SolutionConfigurationPlatforms) = preSolution
		Debug|Any CPU = Debug|Any CPU
		Release|Any CPU = Release|Any CPU
	EndGlobalSection
	GlobalSection(ProjectConfigurationPlatforms) = postSolution
		{DF58F616-667D-4BF5-9F75-766E15E65FE9}.Debug|Any CPU.ActiveCfg = Debug|Any CPU
		{DF58F616-667D-4BF5-9F75-766E15E65FE9}.Debug|Any CPU.Build.0 = Debug|Any CPU
		{DF58F616-667D-4BF5-9F75-766E15E65FE9}.Release|Any CPU.ActiveCfg = Release|Any CPU
		{DF58F616-667D-4BF5-9F75-766E15E65FE9}.Release|Any CPU.Build.0 = Release|Any CPU
		{CA31ED46-C652-4CF7-9B19-B200D069DCBC}.Debug|Any CPU.ActiveCfg = Debug|Any CPU
		{CA31ED46-C652-4CF7-9B19-B200D069DCBC}.Debug|Any CPU.Build.0 = Debug|Any CPU
		{CA31ED46-C652-4CF7-9B19-B200D069DCBC}.Release|Any CPU.ActiveCfg = Release|Any CPU
		{CA31ED46-C652-4CF7-9B19-B200D069DCBC}.Release|Any CPU.Build.0 = Release|Any CPU
		{8372AAB5-8189-425A-9788-C7D986D01916}.Debug|Any CPU.ActiveCfg = Debug|Any CPU
		{8372AAB5-8189-425A-9788-C7D986D01916}.Debug|Any CPU.Build.0 = Debug|Any CPU
		{8372AAB5-8189-425A-9788-C7D986D01916}.Release|Any CPU.ActiveCfg = Release|Any CPU
		{8372AAB5-8189-425A-9788-C7D986D01916}.Release|Any CPU.Build.0 = Release|Any CPU
		{E128A67A-0D21-43BF-862A-B47DA37949A2}.Debug|Any CPU.ActiveCfg = Debug|Any CPU
		{E128A67A-0D21-43BF-862A-B47DA37949A2}.Debug|Any CPU.Build.0 = Debug|Any CPU
		{E128A67A-0D21-43BF-862A-B47DA37949A2}.Release|Any CPU.ActiveCfg = Release|Any CPU
		{E128A67A-0D21-43BF-862A-B47DA37949A2}.Release|Any CPU.Build.0 = Release|Any CPU
		{D073928F-9179-423F-8538-94C8FDB17B9A}.Debug|Any CPU.ActiveCfg = Debug|Any CPU
		{D073928F-9179-423F-8538-94C8FDB17B9A}.Debug|Any CPU.Build.0 = Debug|Any CPU
		{D073928F-9179-423F-8538-94C8FDB17B9A}.Release|Any CPU.ActiveCfg = Release|Any CPU
		{D073928F-9179-423F-8538-94C8FDB17B9A}.Release|Any CPU.Build.0 = Release|Any CPU
		{B9A34A1D-1ABD-4F67-B0BA-3BD814A7C3DD}.Debug|Any CPU.ActiveCfg = Debug
		{B9A34A1D-1ABD-4F67-B0BA-3BD814A7C3DD}.Release|Any CPU.ActiveCfg = Release
	EndGlobalSection
	GlobalSection(SolutionProperties) = preSolution
		HideSolutionNode = FALSE
	EndGlobalSection
	GlobalSection(ExtensibilityGlobals) = postSolution
		SolutionGuid = {976F1745-DBCC-4D89-A10F-C0612A4CF228}
	EndGlobalSection
EndGlobal
